
Microsoft Visual Studio Solution File, Format Version 12.00
# Visual Studio Version 17
VisualStudioVersion = 17.0.32014.148
MinimumVisualStudioVersion = 10.0.40219.1
Project("{FAE04EC0-301F-11D3-BF4B-00C04F79EFBC}") = "RestCalculator", "RestCalculator\RestCalculator.csproj", "{93A4CC91-6841-4FC1-BEF3-44E0C65A823C}"
EndProject
Global
	GlobalSection(SolutionConfigurationPlatforms) = preSolution
		Debug|Any CPU = Debug|Any CPU
		Release|Any CPU = Release|Any CPU
	EndGlobalSection
	GlobalSection(ProjectConfigurationPlatforms) = postSolution
		{93A4CC91-6841-4FC1-BEF3-44E0C65A823C}.Debug|Any CPU.ActiveCfg = Debug|Any CPU
		{93A4CC91-6841-4FC1-BEF3-44E0C65A823C}.Debug|Any CPU.Build.0 = Debug|Any CPU
		{93A4CC91-6841-4FC1-BEF3-44E0C65A823C}.Release|Any CPU.ActiveCfg = Release|Any CPU
		{93A4CC91-6841-4FC1-BEF3-44E0C65A823C}.Release|Any CPU.Build.0 = Release|Any CPU
	EndGlobalSection
	GlobalSection(SolutionProperties) = preSolution
		HideSolutionNode = FALSE
	EndGlobalSection
	GlobalSection(ExtensibilityGlobals) = postSolution
		SolutionGuid = {F7CC9F96-7885-4164-81DF-054C7186447D}
	EndGlobalSection
EndGlobal
