
Microsoft Visual Studio Solution File, Format Version 12.00
# Visual Studio Version 17
VisualStudioVersion = 17.0.32014.148
MinimumVisualStudioVersion = 10.0.40219.1
Project("{FAE04EC0-301F-11D3-BF4B-00C04F79EFBC}") = "calculadora", "calculadora\calculadora.csproj", "{B7C39F22-E152-46A0-9F85-85CCDFD077CC}"
EndProject
Global
	GlobalSection(SolutionConfigurationPlatforms) = preSolution
		Debug|Any CPU = Debug|Any CPU
		Release|Any CPU = Release|Any CPU
	EndGlobalSection
	GlobalSection(ProjectConfigurationPlatforms) = postSolution
		{B7C39F22-E152-46A0-9F85-85CCDFD077CC}.Debug|Any CPU.ActiveCfg = Debug|Any CPU
		{B7C39F22-E152-46A0-9F85-85CCDFD077CC}.Debug|Any CPU.Build.0 = Debug|Any CPU
		{B7C39F22-E152-46A0-9F85-85CCDFD077CC}.Release|Any CPU.ActiveCfg = Release|Any CPU
		{B7C39F22-E152-46A0-9F85-85CCDFD077CC}.Release|Any CPU.Build.0 = Release|Any CPU
	EndGlobalSection
	GlobalSection(SolutionProperties) = preSolution
		HideSolutionNode = FALSE
	EndGlobalSection
	GlobalSection(ExtensibilityGlobals) = postSolution
		SolutionGuid = {67D9AFB2-2D1A-472B-B27B-F80C2A8C6FDB}
	EndGlobalSection
EndGlobal
